
Microsoft Visual Studio Solution File, Format Version 12.00
# Visual Studio Version 17
VisualStudioVersion = 17.6.33801.468
MinimumVisualStudioVersion = 10.0.40219.1
Project("{2150E333-8FDC-42A3-9474-1A3956D46DE8}") = "src", "src", "{421B0107-C636-44E5-8518-2E2F8FFD4CEF}"
EndProject
Project("{9A19103F-16F7-4668-BE54-9A1E7A4F7556}") = "ip-alchemist.cli", "src\ip-alchemist.cli\ip-alchemist.cli.csproj", "{45E3C16F-341E-41D7-8AAA-50FFD5BE4C45}"
EndProject
Project("{2150E333-8FDC-42A3-9474-1A3956D46DE8}") = "tests", "tests", "{C169926A-23A4-42DA-B912-AF150448439A}"
EndProject
Project("{9A19103F-16F7-4668-BE54-9A1E7A4F7556}") = "ip-alchemist.tests", "tests\ip-alchemist.tests\ip-alchemist.tests.csproj", "{93CA299E-A21D-4226-BB0F-ED7D82C38395}"
EndProject
Project("{9A19103F-16F7-4668-BE54-9A1E7A4F7556}") = "ip-alchemist.core", "src\ip-alchemist.core\ip-alchemist.core.csproj", "{CA644B55-42C1-4B61-957A-8499AEE8EF8F}"
EndProject
Project("{9A19103F-16F7-4668-BE54-9A1E7A4F7556}") = "ip-alchemist.gui", "src\ip-alchemist.gui\ip-alchemist.gui.csproj", "{90C602A4-1F30-4181-8895-6C3D35A64AC9}"
EndProject
Global
	GlobalSection(SolutionConfigurationPlatforms) = preSolution
		Debug|Any CPU = Debug|Any CPU
		Release|Any CPU = Release|Any CPU
	EndGlobalSection
	GlobalSection(ProjectConfigurationPlatforms) = postSolution
		{45E3C16F-341E-41D7-8AAA-50FFD5BE4C45}.Debug|Any CPU.ActiveCfg = Debug|Any CPU
		{45E3C16F-341E-41D7-8AAA-50FFD5BE4C45}.Debug|Any CPU.Build.0 = Debug|Any CPU
		{45E3C16F-341E-41D7-8AAA-50FFD5BE4C45}.Release|Any CPU.ActiveCfg = Release|Any CPU
		{45E3C16F-341E-41D7-8AAA-50FFD5BE4C45}.Release|Any CPU.Build.0 = Release|Any CPU
		{93CA299E-A21D-4226-BB0F-ED7D82C38395}.Debug|Any CPU.ActiveCfg = Debug|Any CPU
		{93CA299E-A21D-4226-BB0F-ED7D82C38395}.Debug|Any CPU.Build.0 = Debug|Any CPU
		{93CA299E-A21D-4226-BB0F-ED7D82C38395}.Release|Any CPU.ActiveCfg = Release|Any CPU
		{93CA299E-A21D-4226-BB0F-ED7D82C38395}.Release|Any CPU.Build.0 = Release|Any CPU
		{CA644B55-42C1-4B61-957A-8499AEE8EF8F}.Debug|Any CPU.ActiveCfg = Debug|Any CPU
		{CA644B55-42C1-4B61-957A-8499AEE8EF8F}.Debug|Any CPU.Build.0 = Debug|Any CPU
		{CA644B55-42C1-4B61-957A-8499AEE8EF8F}.Release|Any CPU.ActiveCfg = Release|Any CPU
		{CA644B55-42C1-4B61-957A-8499AEE8EF8F}.Release|Any CPU.Build.0 = Release|Any CPU
		{90C602A4-1F30-4181-8895-6C3D35A64AC9}.Debug|Any CPU.ActiveCfg = Debug|Any CPU
		{90C602A4-1F30-4181-8895-6C3D35A64AC9}.Debug|Any CPU.Build.0 = Debug|Any CPU
		{90C602A4-1F30-4181-8895-6C3D35A64AC9}.Debug|Any CPU.Deploy.0 = Debug|Any CPU
		{90C602A4-1F30-4181-8895-6C3D35A64AC9}.Release|Any CPU.ActiveCfg = Release|Any CPU
		{90C602A4-1F30-4181-8895-6C3D35A64AC9}.Release|Any CPU.Build.0 = Release|Any CPU
	EndGlobalSection
	GlobalSection(SolutionProperties) = preSolution
		HideSolutionNode = FALSE
	EndGlobalSection
	GlobalSection(NestedProjects) = preSolution
		{45E3C16F-341E-41D7-8AAA-50FFD5BE4C45} = {421B0107-C636-44E5-8518-2E2F8FFD4CEF}
		{93CA299E-A21D-4226-BB0F-ED7D82C38395} = {C169926A-23A4-42DA-B912-AF150448439A}
		{CA644B55-42C1-4B61-957A-8499AEE8EF8F} = {421B0107-C636-44E5-8518-2E2F8FFD4CEF}
		{90C602A4-1F30-4181-8895-6C3D35A64AC9} = {421B0107-C636-44E5-8518-2E2F8FFD4CEF}
	EndGlobalSection
	GlobalSection(ExtensibilityGlobals) = postSolution
		SolutionGuid = {64A010DF-BE54-494E-A5D4-1368B1C4C2CC}
	EndGlobalSection
EndGlobal
